// !$*UTF8*$!
{
	archiveVersion = 1;
	classes = {
	};
	objectVersion = 46;
	objects = {

/* Begin PBXBuildFile section */
		8A059AB4201878660039F03F /* Phong.fs.glsl in Sources */ = {isa = PBXBuildFile; fileRef = 8A059AB3201878660039F03F /* Phong.fs.glsl */; };
		8A0672701F87CE1200A95EC8 /* libglfw.3.2.dylib in Frameworks */ = {isa = PBXBuildFile; fileRef = 8A06726F1F87CE1200A95EC8 /* libglfw.3.2.dylib */; };
		8AAE94EF1F7A9122005E2F08 /* main.cpp in Sources */ = {isa = PBXBuildFile; fileRef = 8AAE94EE1F7A9122005E2F08 /* main.cpp */; };
		8AAE94F71F7A914C005E2F08 /* OpenGL.framework in Frameworks */ = {isa = PBXBuildFile; fileRef = 8AAE94F61F7A914C005E2F08 /* OpenGL.framework */; };
		8AC35CAB1F84E67F00227DEB /* libGLEW.2.1.0.dylib in Frameworks */ = {isa = PBXBuildFile; fileRef = 8AC35CAA1F84E67F00227DEB /* libGLEW.2.1.0.dylib */; };
/* End PBXBuildFile section */

/* Begin PBXCopyFilesBuildPhase section */
		8AAE94E91F7A9122005E2F08 /* CopyFiles */ = {
			isa = PBXCopyFilesBuildPhase;
			buildActionMask = 2147483647;
			dstPath = /usr/share/man/man1/;
			dstSubfolderSpec = 0;
			files = (
			);
			runOnlyForDeploymentPostprocessing = 1;
		};
/* End PBXCopyFilesBuildPhase section */

/* Begin PBXFileReference section */
		8A059AAC20186D9B0039F03F /* Shader.h */ = {isa = PBXFileReference; lastKnownFileType = sourcecode.c.h; path = Shader.h; sourceTree = "<group>"; };
		8A059AB2201874950039F03F /* Phong.vs.glsl */ = {isa = PBXFileReference; lastKnownFileType = text; path = Phong.vs.glsl; sourceTree = "<group>"; };
		8A059AB3201878660039F03F /* Phong.fs.glsl */ = {isa = PBXFileReference; lastKnownFileType = text; path = Phong.fs.glsl; sourceTree = "<group>"; };
		8A059AB520188F040039F03F /* Toon.vs.glsl */ = {isa = PBXFileReference; lastKnownFileType = text; path = Toon.vs.glsl; sourceTree = "<group>"; };
		8A059AB620188F110039F03F /* Toon.fs.glsl */ = {isa = PBXFileReference; lastKnownFileType = text; path = Toon.fs.glsl; sourceTree = "<group>"; };
		8A059AB72018D0CE0039F03F /* cook-torrance.vs.glsl */ = {isa = PBXFileReference; fileEncoding = 4; lastKnownFileType = text; path = "cook-torrance.vs.glsl"; sourceTree = "<group>"; };
		8A059AB82018D0CE0039F03F /* cook-torrance.fs.glsl */ = {isa = PBXFileReference; fileEncoding = 4; lastKnownFileType = text; path = "cook-torrance.fs.glsl"; sourceTree = "<group>"; };
		8A06726D1F87CDF900A95EC8 /* 3.2.1 */ = {isa = PBXFileReference; lastKnownFileType = folder; name = 3.2.1; path = ../../../../usr/local/Cellar/glfw/3.2.1; sourceTree = "<group>"; };
		8A06726F1F87CE1200A95EC8 /* libglfw.3.2.dylib */ = {isa = PBXFileReference; lastKnownFileType = "compiled.mach-o.dylib"; name = libglfw.3.2.dylib; path = ../../../../usr/local/Cellar/glfw/3.2.1/lib/libglfw.3.2.dylib; sourceTree = "<group>"; };
		8AAE94EB1F7A9122005E2F08 /* rtRenderingA1 */ = {isa = PBXFileReference; explicitFileType = "compiled.mach-o.executable"; includeInIndex = 0; path = rtRenderingA1; sourceTree = BUILT_PRODUCTS_DIR; };
		8AAE94EE1F7A9122005E2F08 /* main.cpp */ = {isa = PBXFileReference; lastKnownFileType = sourcecode.cpp.cpp; path = main.cpp; sourceTree = "<group>"; };
		8AAE94F61F7A914C005E2F08 /* OpenGL.framework */ = {isa = PBXFileReference; lastKnownFileType = wrapper.framework; name = OpenGL.framework; path = System/Library/Frameworks/OpenGL.framework; sourceTree = SDKROOT; };
		8AAE94F81F7A9156005E2F08 /* GLUT.framework */ = {isa = PBXFileReference; lastKnownFileType = wrapper.framework; name = GLUT.framework; path = System/Library/Frameworks/GLUT.framework; sourceTree = SDKROOT; };
		8AC35CA81F84E66300227DEB /* libglut.3.10.0.dylib */ = {isa = PBXFileReference; lastKnownFileType = "compiled.mach-o.dylib"; name = libglut.3.10.0.dylib; path = ../../../../usr/local/Cellar/freeglut/3.0.0/lib/libglut.3.10.0.dylib; sourceTree = "<group>"; };
		8AC35CAA1F84E67F00227DEB /* libGLEW.2.1.0.dylib */ = {isa = PBXFileReference; lastKnownFileType = "compiled.mach-o.dylib"; name = libGLEW.2.1.0.dylib; path = ../../../../usr/local/Cellar/glew/2.1.0/lib/libGLEW.2.1.0.dylib; sourceTree = "<group>"; };
		8AFC3FEE1FB7CFDF00611AE7 /* mesh.h */ = {isa = PBXFileReference; lastKnownFileType = sourcecode.c.h; path = mesh.h; sourceTree = "<group>"; };
/* End PBXFileReference section */

/* Begin PBXFrameworksBuildPhase section */
		8AAE94E81F7A9122005E2F08 /* Frameworks */ = {
			isa = PBXFrameworksBuildPhase;
			buildActionMask = 2147483647;
			files = (
				8A0672701F87CE1200A95EC8 /* libglfw.3.2.dylib in Frameworks */,
				8AC35CAB1F84E67F00227DEB /* libGLEW.2.1.0.dylib in Frameworks */,
				8AAE94F71F7A914C005E2F08 /* OpenGL.framework in Frameworks */,
			);
			runOnlyForDeploymentPostprocessing = 0;
		};
/* End PBXFrameworksBuildPhase section */

/* Begin PBXGroup section */
		8A059AAD2018729A0039F03F /* files */ = {
			isa = PBXGroup;
			children = (
				8A059AB82018D0CE0039F03F /* cook-torrance.fs.glsl */,
				8A059AB72018D0CE0039F03F /* cook-torrance.vs.glsl */,
				8A059AB2201874950039F03F /* Phong.vs.glsl */,
				8A059AB520188F040039F03F /* Toon.vs.glsl */,
				8A059AB3201878660039F03F /* Phong.fs.glsl */,
				8A059AB620188F110039F03F /* Toon.fs.glsl */,
			);
			path = files;
			sourceTree = "<group>";
		};
		8AAE94E21F7A9122005E2F08 = {
			isa = PBXGroup;
			children = (
				8A059AAD2018729A0039F03F /* files */,
				8AAE94ED1F7A9122005E2F08 /* opengldemo */,
				8AAE94EC1F7A9122005E2F08 /* Products */,
				8AAE94F51F7A914C005E2F08 /* Frameworks */,
			);
			sourceTree = "<group>";
		};
		8AAE94EC1F7A9122005E2F08 /* Products */ = {
			isa = PBXGroup;
			children = (
				8AAE94EB1F7A9122005E2F08 /* rtRenderingA1 */,
			);
			name = Products;
			sourceTree = "<group>";
		};
		8AAE94ED1F7A9122005E2F08 /* opengldemo */ = {
			isa = PBXGroup;
			children = (
				8AAE94EE1F7A9122005E2F08 /* main.cpp */,
				8AFC3FEE1FB7CFDF00611AE7 /* mesh.h */,
				8A059AAC20186D9B0039F03F /* Shader.h */,
			);
			path = opengldemo;
			sourceTree = "<group>";
		};
		8AAE94F51F7A914C005E2F08 /* Frameworks */ = {
			isa = PBXGroup;
			children = (
				8A06726F1F87CE1200A95EC8 /* libglfw.3.2.dylib */,
				8A06726D1F87CDF900A95EC8 /* 3.2.1 */,
				8AC35CAA1F84E67F00227DEB /* libGLEW.2.1.0.dylib */,
				8AC35CA81F84E66300227DEB /* libglut.3.10.0.dylib */,
				8AAE94F81F7A9156005E2F08 /* GLUT.framework */,
				8AAE94F61F7A914C005E2F08 /* OpenGL.framework */,
			);
			name = Frameworks;
			sourceTree = "<group>";
		};
/* End PBXGroup section */

/* Begin PBXNativeTarget section */
		8AAE94EA1F7A9122005E2F08 /* rtRenderingA1 */ = {
			isa = PBXNativeTarget;
			buildConfigurationList = 8AAE94F21F7A9122005E2F08 /* Build configuration list for PBXNativeTarget "rtRenderingA1" */;
			buildPhases = (
				8AAE94E71F7A9122005E2F08 /* Sources */,
				8AAE94E81F7A9122005E2F08 /* Frameworks */,
				8AAE94E91F7A9122005E2F08 /* CopyFiles */,
			);
			buildRules = (
			);
			dependencies = (
			);
			name = rtRenderingA1;
			productName = opengldemo;
			productReference = 8AAE94EB1F7A9122005E2F08 /* rtRenderingA1 */;
			productType = "com.apple.product-type.tool";
		};
/* End PBXNativeTarget section */

/* Begin PBXProject section */
		8AAE94E31F7A9122005E2F08 /* Project object */ = {
			isa = PBXProject;
			attributes = {
				LastUpgradeCheck = 0830;
				ORGANIZATIONNAME = "J Yuan";
				TargetAttributes = {
					8AAE94EA1F7A9122005E2F08 = {
						CreatedOnToolsVersion = 8.3.3;
						ProvisioningStyle = Automatic;
					};
				};
			};
			buildConfigurationList = 8AAE94E61F7A9122005E2F08 /* Build configuration list for PBXProject "rtRenderingA1" */;
			compatibilityVersion = "Xcode 3.2";
			developmentRegion = English;
			hasScannedForEncodings = 0;
			knownRegions = (
				en,
			);
			mainGroup = 8AAE94E21F7A9122005E2F08;
			productRefGroup = 8AAE94EC1F7A9122005E2F08 /* Products */;
			projectDirPath = "";
			projectRoot = "";
			targets = (
				8AAE94EA1F7A9122005E2F08 /* rtRenderingA1 */,
			);
		};
/* End PBXProject section */

/* Begin PBXSourcesBuildPhase section */
		8AAE94E71F7A9122005E2F08 /* Sources */ = {
			isa = PBXSourcesBuildPhase;
			buildActionMask = 2147483647;
			files = (
				8A059AB4201878660039F03F /* Phong.fs.glsl in Sources */,
				8AAE94EF1F7A9122005E2F08 /* main.cpp in Sources */,
			);
			runOnlyForDeploymentPostprocessing = 0;
		};
/* End PBXSourcesBuildPhase section */

/* Begin XCBuildConfiguration section */
		8AAE94F01F7A9122005E2F08 /* Debug */ = {
			isa = XCBuildConfiguration;
			buildSettings = {
				ALWAYS_SEARCH_USER_PATHS = NO;
				CLANG_ANALYZER_NONNULL = YES;
				CLANG_ANALYZER_NUMBER_OBJECT_CONVERSION = YES_AGGRESSIVE;
				CLANG_CXX_LANGUAGE_STANDARD = "gnu++0x";
				CLANG_CXX_LIBRARY = "libc++";
				CLANG_ENABLE_MODULES = YES;
				CLANG_ENABLE_OBJC_ARC = YES;
				CLANG_WARN_BOOL_CONVERSION = YES;
				CLANG_WARN_CONSTANT_CONVERSION = YES;
				CLANG_WARN_DIRECT_OBJC_ISA_USAGE = YES_ERROR;
				CLANG_WARN_DOCUMENTATION_COMMENTS = YES;
				CLANG_WARN_EMPTY_BODY = YES;
				CLANG_WARN_ENUM_CONVERSION = YES;
				CLANG_WARN_INFINITE_RECURSION = YES;
				CLANG_WARN_INT_CONVERSION = YES;
				CLANG_WARN_OBJC_ROOT_CLASS = YES_ERROR;
				CLANG_WARN_SUSPICIOUS_MOVE = YES;
				CLANG_WARN_UNREACHABLE_CODE = YES;
				CLANG_WARN__DUPLICATE_METHOD_MATCH = YES;
				CODE_SIGN_IDENTITY = "-";
				COPY_PHASE_STRIP = NO;
				DEBUG_INFORMATION_FORMAT = dwarf;
				ENABLE_STRICT_OBJC_MSGSEND = YES;
				ENABLE_TESTABILITY = YES;
				GCC_C_LANGUAGE_STANDARD = gnu99;
				GCC_DYNAMIC_NO_PIC = NO;
				GCC_NO_COMMON_BLOCKS = YES;
				GCC_OPTIMIZATION_LEVEL = 0;
				GCC_PREPROCESSOR_DEFINITIONS = (
					"DEBUG=1",
					"$(inherited)",
				);
				GCC_WARN_64_TO_32_BIT_CONVERSION = YES;
				GCC_WARN_ABOUT_RETURN_TYPE = YES_ERROR;
				GCC_WARN_UNDECLARED_SELECTOR = YES;
				GCC_WARN_UNINITIALIZED_AUTOS = YES_AGGRESSIVE;
				GCC_WARN_UNUSED_FUNCTION = YES;
				GCC_WARN_UNUSED_VARIABLE = YES;
				HEADER_SEARCH_PATHS = /usr/local/include;
				MACOSX_DEPLOYMENT_TARGET = 10.12;
				MTL_ENABLE_DEBUG_INFO = YES;
				ONLY_ACTIVE_ARCH = YES;
				SDKROOT = macosx;
			};
			name = Debug;
		};
		8AAE94F11F7A9122005E2F08 /* Release */ = {
			isa = XCBuildConfiguration;
			buildSettings = {
				ALWAYS_SEARCH_USER_PATHS = NO;
				CLANG_ANALYZER_NONNULL = YES;
				CLANG_ANALYZER_NUMBER_OBJECT_CONVERSION = YES_AGGRESSIVE;
				CLANG_CXX_LANGUAGE_STANDARD = "gnu++0x";
				CLANG_CXX_LIBRARY = "libc++";
				CLANG_ENABLE_MODULES = YES;
				CLANG_ENABLE_OBJC_ARC = YES;
				CLANG_WARN_BOOL_CONVERSION = YES;
				CLANG_WARN_CONSTANT_CONVERSION = YES;
				CLANG_WARN_DIRECT_OBJC_ISA_USAGE = YES_ERROR;
				CLANG_WARN_DOCUMENTATION_COMMENTS = YES;
				CLANG_WARN_EMPTY_BODY = YES;
				CLANG_WARN_ENUM_CONVERSION = YES;
				CLANG_WARN_INFINITE_RECURSION = YES;
				CLANG_WARN_INT_CONVERSION = YES;
				CLANG_WARN_OBJC_ROOT_CLASS = YES_ERROR;
				CLANG_WARN_SUSPICIOUS_MOVE = YES;
				CLANG_WARN_UNREACHABLE_CODE = YES;
				CLANG_WARN__DUPLICATE_METHOD_MATCH = YES;
				CODE_SIGN_IDENTITY = "-";
				COPY_PHASE_STRIP = NO;
				DEBUG_INFORMATION_FORMAT = "dwarf-with-dsym";
				ENABLE_NS_ASSERTIONS = NO;
				ENABLE_STRICT_OBJC_MSGSEND = YES;
				GCC_C_LANGUAGE_STANDARD = gnu99;
				GCC_NO_COMMON_BLOCKS = YES;
				GCC_WARN_64_TO_32_BIT_CONVERSION = YES;
				GCC_WARN_ABOUT_RETURN_TYPE = YES_ERROR;
				GCC_WARN_UNDECLARED_SELECTOR = YES;
				GCC_WARN_UNINITIALIZED_AUTOS = YES_AGGRESSIVE;
				GCC_WARN_UNUSED_FUNCTION = YES;
				GCC_WARN_UNUSED_VARIABLE = YES;
				HEADER_SEARCH_PATHS = /usr/local/include;
				MACOSX_DEPLOYMENT_TARGET = 10.12;
				MTL_ENABLE_DEBUG_INFO = NO;
				SDKROOT = macosx;
			};
			name = Release;
		};
		8AAE94F31F7A9122005E2F08 /* Debug */ = {
			isa = XCBuildConfiguration;
			buildSettings = {
				HEADER_SEARCH_PATHS = (
					/usr/local/include/,
					/opt/X11/include/,
				);
				LIBRARY_SEARCH_PATHS = (
					/usr/local/lib/,
					/opt/X11/lib/,
					/usr/local/Cellar/freeglut/3.0.0/lib,
					/usr/local/Cellar/glew/2.1.0/lib,
					/usr/local/Cellar/glfw/3.2.1/lib,
				);
				OTHER_LDFLAGS = "-lGLEW";
				PRODUCT_NAME = "$(TARGET_NAME)";
			};
			name = Debug;
		};
		8AAE94F41F7A9122005E2F08 /* Release */ = {
			isa = XCBuildConfiguration;
			buildSettings = {
				HEADER_SEARCH_PATHS = (
					/usr/local/include/,
					/opt/X11/include/,
				);
				LIBRARY_SEARCH_PATHS = (
					/usr/local/lib/,
					/opt/X11/lib/,
					/usr/local/Cellar/freeglut/3.0.0/lib,
					/usr/local/Cellar/glew/2.1.0/lib,
					/usr/local/Cellar/glfw/3.2.1/lib,
				);
				OTHER_LDFLAGS = "-lGLEW";
				PRODUCT_NAME = "$(TARGET_NAME)";
			};
			name = Release;
		};
/* End XCBuildConfiguration section */

/* Begin XCConfigurationList section */
		8AAE94E61F7A9122005E2F08 /* Build configuration list for PBXProject "rtRenderingA1" */ = {
			isa = XCConfigurationList;
			buildConfigurations = (
				8AAE94F01F7A9122005E2F08 /* Debug */,
				8AAE94F11F7A9122005E2F08 /* Release */,
			);
			defaultConfigurationIsVisible = 0;
			defaultConfigurationName = Release;
		};
		8AAE94F21F7A9122005E2F08 /* Build configuration list for PBXNativeTarget "rtRenderingA1" */ = {
			isa = XCConfigurationList;
			buildConfigurations = (
				8AAE94F31F7A9122005E2F08 /* Debug */,
				8AAE94F41F7A9122005E2F08 /* Release */,
			);
			defaultConfigurationIsVisible = 0;
			defaultConfigurationName = Release;
		};
/* End XCConfigurationList section */
	};
	rootObject = 8AAE94E31F7A9122005E2F08 /* Project object */;
}
